
Microsoft Visual Studio Solution File, Format Version 12.00
# Visual Studio Version 16
VisualStudioVersion = 16.0.32002.261
MinimumVisualStudioVersion = 10.0.40219.1
Project("{FAE04EC0-301F-11D3-BF4B-00C04F79EFBC}") = "HW11Contact", "HW11Contact\HW11Contact.csproj", "{E0815DC1-E2A0-4E66-A729-7E706E20B0EB}"
EndProject
Global
	GlobalSection(SolutionConfigurationPlatforms) = preSolution
		Debug|Any CPU = Debug|Any CPU
		Release|Any CPU = Release|Any CPU
	EndGlobalSection
	GlobalSection(ProjectConfigurationPlatforms) = postSolution
		{E0815DC1-E2A0-4E66-A729-7E706E20B0EB}.Debug|Any CPU.ActiveCfg = Debug|Any CPU
		{E0815DC1-E2A0-4E66-A729-7E706E20B0EB}.Debug|Any CPU.Build.0 = Debug|Any CPU
		{E0815DC1-E2A0-4E66-A729-7E706E20B0EB}.Release|Any CPU.ActiveCfg = Release|Any CPU
		{E0815DC1-E2A0-4E66-A729-7E706E20B0EB}.Release|Any CPU.Build.0 = Release|Any CPU
	EndGlobalSection
	GlobalSection(SolutionProperties) = preSolution
		HideSolutionNode = FALSE
	EndGlobalSection
	GlobalSection(ExtensibilityGlobals) = postSolution
		SolutionGuid = {FA2ADAA1-8E10-4C5C-9918-0E1CBBBEBDB7}
	EndGlobalSection
EndGlobal
